{
  "name": "javascript-winwheel-react",
  "version": "1.0.0",
  "lockfileVersion": 1,
  "requires": true,
  "dependencies": {
    "gsap": {
      "version": "3.6.1",
      "resolved": "https://registry.npmjs.org/gsap/-/gsap-3.6.1.tgz",
      "integrity": "sha512-hCkjk7UVbeEmlpFbiy7lIsh742bwVlMhdCnnQ1CvVOAdURyPX8hXjFZGh/0YzUyAcWPyJPE0/paMhSYtLhGlfA=="
    },
    "javascript-winwheel": {
      "version": "git+https://github.com/adamflorizone/javascript-winwheel.git#ed2957ec846318f6f21ddfc10a07c7c57e5fc2f6",
      "from": "git+https://github.com/adamflorizone/javascript-winwheel.git",
      "requires": {
        "gsap": "^3.6.1"
      }
    }
  }
}
